{
  "version": 4,
  "terraform_version": "1.3.1",
  "serial": 1,
  "lineage": "9c5c037d-300d-a3b4-0134-0cafc60c2201",
  "outputs": {},
  "resources": [
    {
      "mode": "managed",
      "type": "aws_redshift_cluster",
      "name": "redshift-prod-cluster",
      "provider": "provider[\"registry.terraform.io/hashicorp/aws\"]",
      "instances": [
        {
          "schema_version": 0,
          "attributes": {
            "allow_version_upgrade": true,
            "apply_immediately": null,
            "aqua_configuration_status": "auto",
            "arn": "arn:aws:redshift:us-east-1:830838610144:cluster:ufc-main",
            "automated_snapshot_retention_period": 1,
            "availability_zone": "us-east-1f",
            "availability_zone_relocation_enabled": false,
            "cluster_identifier": "ufc-main",
            "cluster_nodes": [
              {
                "node_role": "SHARED",
                "private_ip_address": "172.31.77.18",
                "public_ip_address": "44.195.140.11"
              }
            ],
            "cluster_parameter_group_name": "default.redshift-1.0",
            "cluster_public_key": "ssh-rsa AAAAB3NzaC1yc2EAAAADAQABAAABAQDd+zq/ZIaheiMJoDWx7ZV6WJNXYWIInzrLv1iQi2f/vuUr8KLTGrBchvWMbajYFZKiK3BSLMgAW2xKRLAANKfANIjpGHIV8/BBAcScy81cjsyWncgVzNj8Vr1Bju+IiLqyZIXcq5kUaN+SV3Uw7hQ2RMwHWBV7TDqoVtfbsdMMlWismw/PTvqjpDml7BdOaMWtSV/IsuF9PAc8FhUk320X4AwMRTa1k9y4bQxF8P28wRSSnGsGDSx33wuRjQ7s+34WK9Y7RkTllDw/kLuNhMqBvY57DoppYYkub6D+p+k6GoSnQlAfu595QO0ja9aTL6vLqMPmcw8RuifYh7Zes/mP Amazon-Redshift\n",
            "cluster_revision_number": "41881",
            "cluster_security_groups": [],
            "cluster_subnet_group_name": "default",
            "cluster_type": "single-node",
            "cluster_version": "1.0",
            "database_name": "dev",
            "default_iam_role_arn": "arn:aws:iam::830838610144:role/service-role/AmazonRedshift-CommandsAccessRole-20220426T165428",
            "dns_name": "ufc-main.c54pcx5oxf8d.us-east-1.redshift.amazonaws.com",
            "elastic_ip": null,
            "encrypted": false,
            "endpoint": "ufc-main.c54pcx5oxf8d.us-east-1.redshift.amazonaws.com:5439",
            "enhanced_vpc_routing": false,
            "final_snapshot_identifier": null,
            "iam_roles": [
              "arn:aws:iam::830838610144:role/aws-service-role/redshift.amazonaws.com/AWSServiceRoleForRedshift",
              "arn:aws:iam::830838610144:role/service-role/AmazonRedshift-CommandsAccessRole-20220426T165428"
            ],
            "id": "ufc-main",
            "kms_key_id": "",
            "logging": [
              {
                "bucket_name": "",
                "enable": false,
                "log_destination_type": "",
                "log_exports": [],
                "s3_key_prefix": ""
              }
            ],
            "maintenance_track_name": "current",
            "manual_snapshot_retention_period": -1,
            "master_password": null,
            "master_username": "sebastian",
            "node_type": "dc2.large",
            "number_of_nodes": 1,
            "owner_account": null,
            "port": 5439,
            "preferred_maintenance_window": "fri:08:00-fri:08:30",
            "publicly_accessible": true,
            "skip_final_snapshot": true,
            "snapshot_cluster_identifier": null,
            "snapshot_copy": [],
            "snapshot_identifier": null,
            "tags": {},
            "tags_all": {},
            "timeouts": {
              "create": null,
              "delete": null,
              "update": null
            },
            "vpc_security_group_ids": [
              "sg-029e7c1e7c32bd73b",
              "sg-04bd071beb86fcc58",
              "sg-0f124f4dfd9f6d7f0"
            ]
          },
          "sensitive_attributes": [],
          "private": "eyJlMmJmYjczMC1lY2FhLTExZTYtOGY4OC0zNDM2M2JjN2M0YzAiOnsiY3JlYXRlIjo0NTAwMDAwMDAwMDAwLCJkZWxldGUiOjI0MDAwMDAwMDAwMDAsInVwZGF0ZSI6NDUwMDAwMDAwMDAwMH0sInNjaGVtYV92ZXJzaW9uIjoiMCJ9"
        }
      ]
    }
  ],
  "check_results": null
}
